
Microsoft Visual Studio Solution File, Format Version 12.00
# Visual Studio Version 17
VisualStudioVersion = 17.9.34728.123
MinimumVisualStudioVersion = 10.0.40219.1
Project("{FAE04EC0-301F-11D3-BF4B-00C04F79EFBC}") = "WebApi", "WebApi\WebApi.csproj", "{09351193-777F-4979-B896-5A0A594FCB90}"
EndProject
Project("{FAE04EC0-301F-11D3-BF4B-00C04F79EFBC}") = "Services", "Services\Services.csproj", "{B5574ED2-6856-43FC-A3AC-8A25E495AB93}"
EndProject
Project("{FAE04EC0-301F-11D3-BF4B-00C04F79EFBC}") = "Repositories", "Repositories\Repositories.csproj", "{A83B9A0B-D659-46EB-9742-46686705591F}"
EndProject
Global
	GlobalSection(SolutionConfigurationPlatforms) = preSolution
		Debug|Any CPU = Debug|Any CPU
		Release|Any CPU = Release|Any CPU
	EndGlobalSection
	GlobalSection(ProjectConfigurationPlatforms) = postSolution
		{09351193-777F-4979-B896-5A0A594FCB90}.Debug|Any CPU.ActiveCfg = Debug|Any CPU
		{09351193-777F-4979-B896-5A0A594FCB90}.Debug|Any CPU.Build.0 = Debug|Any CPU
		{09351193-777F-4979-B896-5A0A594FCB90}.Release|Any CPU.ActiveCfg = Release|Any CPU
		{09351193-777F-4979-B896-5A0A594FCB90}.Release|Any CPU.Build.0 = Release|Any CPU
		{B5574ED2-6856-43FC-A3AC-8A25E495AB93}.Debug|Any CPU.ActiveCfg = Debug|Any CPU
		{B5574ED2-6856-43FC-A3AC-8A25E495AB93}.Debug|Any CPU.Build.0 = Debug|Any CPU
		{B5574ED2-6856-43FC-A3AC-8A25E495AB93}.Release|Any CPU.ActiveCfg = Release|Any CPU
		{B5574ED2-6856-43FC-A3AC-8A25E495AB93}.Release|Any CPU.Build.0 = Release|Any CPU
		{A83B9A0B-D659-46EB-9742-46686705591F}.Debug|Any CPU.ActiveCfg = Debug|Any CPU
		{A83B9A0B-D659-46EB-9742-46686705591F}.Debug|Any CPU.Build.0 = Debug|Any CPU
		{A83B9A0B-D659-46EB-9742-46686705591F}.Release|Any CPU.ActiveCfg = Release|Any CPU
		{A83B9A0B-D659-46EB-9742-46686705591F}.Release|Any CPU.Build.0 = Release|Any CPU
	EndGlobalSection
	GlobalSection(SolutionProperties) = preSolution
		HideSolutionNode = FALSE
	EndGlobalSection
	GlobalSection(ExtensibilityGlobals) = postSolution
		SolutionGuid = {D88B2A29-83F7-4D9C-89A8-47AC91249DF2}
	EndGlobalSection
EndGlobal
