
Microsoft Visual Studio Solution File, Format Version 12.00
# Visual Studio Version 17
VisualStudioVersion = 17.9.34728.123
MinimumVisualStudioVersion = 10.0.40219.1
Project("{FAE04EC0-301F-11D3-BF4B-00C04F79EFBC}") = "WebAPI", "WebAPI\WebAPI.csproj", "{DFC60D45-0321-46FD-A31A-9A9E32E2D5E5}"
EndProject
Project("{FAE04EC0-301F-11D3-BF4B-00C04F79EFBC}") = "Business_Logic_Layer", "Business_Logic_Layer\Business_Logic_Layer.csproj", "{0C358475-3F74-48D8-8BFC-40AE0B67C519}"
EndProject
Project("{FAE04EC0-301F-11D3-BF4B-00C04F79EFBC}") = "Data_Access_Layer", "Data_Access_Layer\Data_Access_Layer.csproj", "{86FAE81F-F4B1-42CE-BD44-6664C79F3533}"
EndProject
Global
	GlobalSection(SolutionConfigurationPlatforms) = preSolution
		Debug|Any CPU = Debug|Any CPU
		Release|Any CPU = Release|Any CPU
	EndGlobalSection
	GlobalSection(ProjectConfigurationPlatforms) = postSolution
		{DFC60D45-0321-46FD-A31A-9A9E32E2D5E5}.Debug|Any CPU.ActiveCfg = Debug|Any CPU
		{DFC60D45-0321-46FD-A31A-9A9E32E2D5E5}.Debug|Any CPU.Build.0 = Debug|Any CPU
		{DFC60D45-0321-46FD-A31A-9A9E32E2D5E5}.Release|Any CPU.ActiveCfg = Release|Any CPU
		{DFC60D45-0321-46FD-A31A-9A9E32E2D5E5}.Release|Any CPU.Build.0 = Release|Any CPU
		{0C358475-3F74-48D8-8BFC-40AE0B67C519}.Debug|Any CPU.ActiveCfg = Debug|Any CPU
		{0C358475-3F74-48D8-8BFC-40AE0B67C519}.Debug|Any CPU.Build.0 = Debug|Any CPU
		{0C358475-3F74-48D8-8BFC-40AE0B67C519}.Release|Any CPU.ActiveCfg = Release|Any CPU
		{0C358475-3F74-48D8-8BFC-40AE0B67C519}.Release|Any CPU.Build.0 = Release|Any CPU
		{86FAE81F-F4B1-42CE-BD44-6664C79F3533}.Debug|Any CPU.ActiveCfg = Debug|Any CPU
		{86FAE81F-F4B1-42CE-BD44-6664C79F3533}.Debug|Any CPU.Build.0 = Debug|Any CPU
		{86FAE81F-F4B1-42CE-BD44-6664C79F3533}.Release|Any CPU.ActiveCfg = Release|Any CPU
		{86FAE81F-F4B1-42CE-BD44-6664C79F3533}.Release|Any CPU.Build.0 = Release|Any CPU
	EndGlobalSection
	GlobalSection(SolutionProperties) = preSolution
		HideSolutionNode = FALSE
	EndGlobalSection
	GlobalSection(ExtensibilityGlobals) = postSolution
		SolutionGuid = {5CFCA623-92F1-4D10-B6E0-963A1CAAAC0D}
	EndGlobalSection
EndGlobal
